
Microsoft Visual Studio Solution File, Format Version 12.00
# Visual Studio Version 17
VisualStudioVersion = 17.6.33723.286
MinimumVisualStudioVersion = 10.0.40219.1
Project("{9A19103F-16F7-4668-BE54-9A1E7A4F7556}") = "GameEventEngine", "src\GameEventEngine\GameEventEngine.csproj", "{B04D1797-B83C-486B-AB1B-74E1A6B56621}"
EndProject
Global
	GlobalSection(SolutionConfigurationPlatforms) = preSolution
		Debug|Any CPU = Debug|Any CPU
		Release|Any CPU = Release|Any CPU
	EndGlobalSection
	GlobalSection(ProjectConfigurationPlatforms) = postSolution
		{B04D1797-B83C-486B-AB1B-74E1A6B56621}.Debug|Any CPU.ActiveCfg = Debug|Any CPU
		{B04D1797-B83C-486B-AB1B-74E1A6B56621}.Debug|Any CPU.Build.0 = Debug|Any CPU
		{B04D1797-B83C-486B-AB1B-74E1A6B56621}.Release|Any CPU.ActiveCfg = Release|Any CPU
		{B04D1797-B83C-486B-AB1B-74E1A6B56621}.Release|Any CPU.Build.0 = Release|Any CPU
	EndGlobalSection
	GlobalSection(SolutionProperties) = preSolution
		HideSolutionNode = FALSE
	EndGlobalSection
	GlobalSection(ExtensibilityGlobals) = postSolution
		SolutionGuid = {CE2DA300-E588-4386-AABB-87EB4FE0110D}
	EndGlobalSection
EndGlobal
